
Microsoft Visual Studio Solution File, Format Version 11.00
# Visual C++ Express 2010
Project("{8BC9CEB8-8B4A-11D0-8D11-00A0C91BC942}") = "AutoTester", "AutoTester\AutoTester.vcxproj", "{20A7FBF3-D972-4220-A6AA-960484999FBB}"
	ProjectSection(ProjectDependencies) = postProject
		{A28F6BBC-5250-4FDB-9B56-E18978C61FF2} = {A28F6BBC-5250-4FDB-9B56-E18978C61FF2}
		{DE613EE1-B8EE-4C75-B403-09CA6DE4FDFE} = {DE613EE1-B8EE-4C75-B403-09CA6DE4FDFE}
	EndProjectSection
EndProject
Project("{8BC9CEB8-8B4A-11D0-8D11-00A0C91BC942}") = "CodeParser", "CodeParser\CodeParser.vcxproj", "{DE613EE1-B8EE-4C75-B403-09CA6DE4FDFE}"
EndProject
Project("{8BC9CEB8-8B4A-11D0-8D11-00A0C91BC942}") = "PKB", "PKB\PKB.vcxproj", "{A28F6BBC-5250-4FDB-9B56-E18978C61FF2}"
EndProject
Project("{8BC9CEB8-8B4A-11D0-8D11-00A0C91BC942}") = "QueryProcessor", "QueryProcessor\QueryProcessor.vcxproj", "{DC21A1EA-D2C6-4D14-A2B4-E025B64BDE81}"
EndProject
Project("{8BC9CEB8-8B4A-11D0-8D11-00A0C91BC942}") = "TestTable", "TestTable\TestTable.vcxproj", "{170AC843-B8DA-41C8-8241-10885C7D3AE1}"
EndProject
Project("{8BC9CEB8-8B4A-11D0-8D11-00A0C91BC942}") = "TestUses", "TestUses\TestUses.vcxproj", "{59E9B056-B2CE-42D0-B99F-B0AE25DF5CAE}"
EndProject
Project("{8BC9CEB8-8B4A-11D0-8D11-00A0C91BC942}") = "TestParent", "TestParent\TestParent.vcxproj", "{729844E7-9297-434D-8444-36C95A34CA86}"
EndProject
Project("{8BC9CEB8-8B4A-11D0-8D11-00A0C91BC942}") = "TestQueryEvaluator", "TestQueryEvaluator\TestQueryEvaluator.vcxproj", "{DF9F6533-00E6-47D2-B2AB-D1558AECA4F2}"
EndProject
Project("{8BC9CEB8-8B4A-11D0-8D11-00A0C91BC942}") = "TestFollows", "TestFollows\TestFollows.vcxproj", "{6F00B0C1-F2A5-4CE1-8703-FD0268EE872C}"
EndProject
Project("{8BC9CEB8-8B4A-11D0-8D11-00A0C91BC942}") = "TestModifies", "TestModifies\TestModifies.vcxproj", "{8451706D-FDDF-42CA-8B71-58031A695CBE}"
EndProject
Project("{8BC9CEB8-8B4A-11D0-8D11-00A0C91BC942}") = "TestCodeParser", "TestCodeParser\TestCodeParser.vcxproj", "{EABA2811-8D0B-42A5-87F9-00FE2AB580A1}"
EndProject
Project("{8BC9CEB8-8B4A-11D0-8D11-00A0C91BC942}") = "TestIntegration", "TestIntegration\TestIntegration.vcxproj", "{44B65641-96D6-4FB5-B78A-F0CAD8DDA42C}"
EndProject
Global
	GlobalSection(SolutionConfigurationPlatforms) = preSolution
		Debug|Win32 = Debug|Win32
		Release|Win32 = Release|Win32
	EndGlobalSection
	GlobalSection(ProjectConfigurationPlatforms) = postSolution
		{20A7FBF3-D972-4220-A6AA-960484999FBB}.Debug|Win32.ActiveCfg = Debug|Win32
		{20A7FBF3-D972-4220-A6AA-960484999FBB}.Debug|Win32.Build.0 = Debug|Win32
		{20A7FBF3-D972-4220-A6AA-960484999FBB}.Release|Win32.ActiveCfg = Release|Win32
		{20A7FBF3-D972-4220-A6AA-960484999FBB}.Release|Win32.Build.0 = Release|Win32
		{DE613EE1-B8EE-4C75-B403-09CA6DE4FDFE}.Debug|Win32.ActiveCfg = Debug|Win32
		{DE613EE1-B8EE-4C75-B403-09CA6DE4FDFE}.Debug|Win32.Build.0 = Debug|Win32
		{DE613EE1-B8EE-4C75-B403-09CA6DE4FDFE}.Release|Win32.ActiveCfg = Release|Win32
		{DE613EE1-B8EE-4C75-B403-09CA6DE4FDFE}.Release|Win32.Build.0 = Release|Win32
		{A28F6BBC-5250-4FDB-9B56-E18978C61FF2}.Debug|Win32.ActiveCfg = Debug|Win32
		{A28F6BBC-5250-4FDB-9B56-E18978C61FF2}.Debug|Win32.Build.0 = Debug|Win32
		{A28F6BBC-5250-4FDB-9B56-E18978C61FF2}.Release|Win32.ActiveCfg = Release|Win32
		{A28F6BBC-5250-4FDB-9B56-E18978C61FF2}.Release|Win32.Build.0 = Release|Win32
		{DC21A1EA-D2C6-4D14-A2B4-E025B64BDE81}.Debug|Win32.ActiveCfg = Debug|Win32
		{DC21A1EA-D2C6-4D14-A2B4-E025B64BDE81}.Debug|Win32.Build.0 = Debug|Win32
		{DC21A1EA-D2C6-4D14-A2B4-E025B64BDE81}.Release|Win32.ActiveCfg = Release|Win32
		{DC21A1EA-D2C6-4D14-A2B4-E025B64BDE81}.Release|Win32.Build.0 = Release|Win32
		{170AC843-B8DA-41C8-8241-10885C7D3AE1}.Debug|Win32.ActiveCfg = Debug|Win32
		{170AC843-B8DA-41C8-8241-10885C7D3AE1}.Debug|Win32.Build.0 = Debug|Win32
		{170AC843-B8DA-41C8-8241-10885C7D3AE1}.Release|Win32.ActiveCfg = Release|Win32
		{170AC843-B8DA-41C8-8241-10885C7D3AE1}.Release|Win32.Build.0 = Release|Win32
		{59E9B056-B2CE-42D0-B99F-B0AE25DF5CAE}.Debug|Win32.ActiveCfg = Debug|Win32
		{59E9B056-B2CE-42D0-B99F-B0AE25DF5CAE}.Debug|Win32.Build.0 = Debug|Win32
		{59E9B056-B2CE-42D0-B99F-B0AE25DF5CAE}.Release|Win32.ActiveCfg = Release|Win32
		{59E9B056-B2CE-42D0-B99F-B0AE25DF5CAE}.Release|Win32.Build.0 = Release|Win32
		{729844E7-9297-434D-8444-36C95A34CA86}.Debug|Win32.ActiveCfg = Debug|Win32
		{729844E7-9297-434D-8444-36C95A34CA86}.Debug|Win32.Build.0 = Debug|Win32
		{729844E7-9297-434D-8444-36C95A34CA86}.Release|Win32.ActiveCfg = Release|Win32
		{729844E7-9297-434D-8444-36C95A34CA86}.Release|Win32.Build.0 = Release|Win32
		{DF9F6533-00E6-47D2-B2AB-D1558AECA4F2}.Debug|Win32.ActiveCfg = Debug|Win32
		{DF9F6533-00E6-47D2-B2AB-D1558AECA4F2}.Debug|Win32.Build.0 = Debug|Win32
		{DF9F6533-00E6-47D2-B2AB-D1558AECA4F2}.Release|Win32.ActiveCfg = Release|Win32
		{DF9F6533-00E6-47D2-B2AB-D1558AECA4F2}.Release|Win32.Build.0 = Release|Win32
		{6F00B0C1-F2A5-4CE1-8703-FD0268EE872C}.Debug|Win32.ActiveCfg = Debug|Win32
		{6F00B0C1-F2A5-4CE1-8703-FD0268EE872C}.Debug|Win32.Build.0 = Debug|Win32
		{6F00B0C1-F2A5-4CE1-8703-FD0268EE872C}.Release|Win32.ActiveCfg = Release|Win32
		{6F00B0C1-F2A5-4CE1-8703-FD0268EE872C}.Release|Win32.Build.0 = Release|Win32
		{8451706D-FDDF-42CA-8B71-58031A695CBE}.Debug|Win32.ActiveCfg = Debug|Win32
		{8451706D-FDDF-42CA-8B71-58031A695CBE}.Debug|Win32.Build.0 = Debug|Win32
		{8451706D-FDDF-42CA-8B71-58031A695CBE}.Release|Win32.ActiveCfg = Release|Win32
		{8451706D-FDDF-42CA-8B71-58031A695CBE}.Release|Win32.Build.0 = Release|Win32
		{EABA2811-8D0B-42A5-87F9-00FE2AB580A1}.Debug|Win32.ActiveCfg = Debug|Win32
		{EABA2811-8D0B-42A5-87F9-00FE2AB580A1}.Debug|Win32.Build.0 = Debug|Win32
		{EABA2811-8D0B-42A5-87F9-00FE2AB580A1}.Release|Win32.ActiveCfg = Release|Win32
		{EABA2811-8D0B-42A5-87F9-00FE2AB580A1}.Release|Win32.Build.0 = Release|Win32
		{44B65641-96D6-4FB5-B78A-F0CAD8DDA42C}.Debug|Win32.ActiveCfg = Debug|Win32
		{44B65641-96D6-4FB5-B78A-F0CAD8DDA42C}.Debug|Win32.Build.0 = Debug|Win32
		{44B65641-96D6-4FB5-B78A-F0CAD8DDA42C}.Release|Win32.ActiveCfg = Release|Win32
		{44B65641-96D6-4FB5-B78A-F0CAD8DDA42C}.Release|Win32.Build.0 = Release|Win32
	EndGlobalSection
	GlobalSection(SolutionProperties) = preSolution
		HideSolutionNode = FALSE
	EndGlobalSection
EndGlobal
